langcode: en
status: true
dependencies:
  config:
    - block_content.type.lb_membership_framework
    - field.storage.block_content.field_block
  module:
    - datalayer
    - plugin
third_party_settings:
  datalayer:
    expose: 0
    label: field_block
id: block_content.lb_membership_framework.field_block
field_name: field_block
entity_type: block_content
bundle: lb_membership_framework
label: Block
description: 'A reference to the Memberships Framework Block'
required: false
translatable: true
default_value:
  -
    plugin_id: memberships_block
    plugin_configuration:
      id: memberships_block
      label: 'Membership Framework'
      label_display: '0'
      provider: openy_memberships_front
    plugin_configuration_schema_id: block.settings.memberships_block
default_value_callback: ''
settings: {  }
field_type: 'plugin:block'
